
Microsoft Visual Studio Solution File, Format Version 12.00
# Visual Studio Version 17
VisualStudioVersion = 17.7.34024.191
MinimumVisualStudioVersion = 10.0.40219.1
Project("{9A19103F-16F7-4668-BE54-9A1E7A4F7556}") = "API", "API\API.csproj", "{C026B016-417C-41D8-974C-EF8F02C5FFBF}"
EndProject
Project("{9A19103F-16F7-4668-BE54-9A1E7A4F7556}") = "Core", "Core\Core.csproj", "{82FEA7B6-5EE0-47D1-AF08-092E15F0FC9C}"
EndProject
Project("{9A19103F-16F7-4668-BE54-9A1E7A4F7556}") = "Infrastructure", "Infrastructure\Infrastructure.csproj", "{BE24D560-5866-43C3-A4EE-ACB02A23E546}"
EndProject
Project("{FAE04EC0-301F-11D3-BF4B-00C04F79EFBC}") = "EmailSendFunction", "EmailSendFunction\EmailSendFunction.csproj", "{F963873C-5777-490E-9944-A92C58DF2C0E}"
EndProject
Global
	GlobalSection(SolutionConfigurationPlatforms) = preSolution
		Debug|Any CPU = Debug|Any CPU
		Release|Any CPU = Release|Any CPU
	EndGlobalSection
	GlobalSection(ProjectConfigurationPlatforms) = postSolution
		{C026B016-417C-41D8-974C-EF8F02C5FFBF}.Debug|Any CPU.ActiveCfg = Debug|Any CPU
		{C026B016-417C-41D8-974C-EF8F02C5FFBF}.Debug|Any CPU.Build.0 = Debug|Any CPU
		{C026B016-417C-41D8-974C-EF8F02C5FFBF}.Release|Any CPU.ActiveCfg = Release|Any CPU
		{C026B016-417C-41D8-974C-EF8F02C5FFBF}.Release|Any CPU.Build.0 = Release|Any CPU
		{82FEA7B6-5EE0-47D1-AF08-092E15F0FC9C}.Debug|Any CPU.ActiveCfg = Debug|Any CPU
		{82FEA7B6-5EE0-47D1-AF08-092E15F0FC9C}.Debug|Any CPU.Build.0 = Debug|Any CPU
		{82FEA7B6-5EE0-47D1-AF08-092E15F0FC9C}.Release|Any CPU.ActiveCfg = Release|Any CPU
		{82FEA7B6-5EE0-47D1-AF08-092E15F0FC9C}.Release|Any CPU.Build.0 = Release|Any CPU
		{BE24D560-5866-43C3-A4EE-ACB02A23E546}.Debug|Any CPU.ActiveCfg = Debug|Any CPU
		{BE24D560-5866-43C3-A4EE-ACB02A23E546}.Debug|Any CPU.Build.0 = Debug|Any CPU
		{BE24D560-5866-43C3-A4EE-ACB02A23E546}.Release|Any CPU.ActiveCfg = Release|Any CPU
		{BE24D560-5866-43C3-A4EE-ACB02A23E546}.Release|Any CPU.Build.0 = Release|Any CPU
		{F963873C-5777-490E-9944-A92C58DF2C0E}.Debug|Any CPU.ActiveCfg = Debug|Any CPU
		{F963873C-5777-490E-9944-A92C58DF2C0E}.Debug|Any CPU.Build.0 = Debug|Any CPU
		{F963873C-5777-490E-9944-A92C58DF2C0E}.Release|Any CPU.ActiveCfg = Release|Any CPU
		{F963873C-5777-490E-9944-A92C58DF2C0E}.Release|Any CPU.Build.0 = Release|Any CPU
	EndGlobalSection
	GlobalSection(SolutionProperties) = preSolution
		HideSolutionNode = FALSE
	EndGlobalSection
	GlobalSection(ExtensibilityGlobals) = postSolution
		SolutionGuid = {E1FA8596-D3F6-432D-B4F5-51369FE37B94}
	EndGlobalSection
EndGlobal
